
Microsoft Visual Studio Solution File, Format Version 12.00
# Visual Studio Version 17
VisualStudioVersion = 17.5.33414.496
MinimumVisualStudioVersion = 10.0.40219.1
Project("{FAE04EC0-301F-11D3-BF4B-00C04F79EFBC}") = "01Systems-Dot Net Engineer Test", "01Systems-Dot Net Engineer Test\01Systems-Dot Net Engineer Test.csproj", "{1E21A805-9F0D-4169-B50B-A9B28F0A2557}"
EndProject
Global
	GlobalSection(SolutionConfigurationPlatforms) = preSolution
		Debug|Any CPU = Debug|Any CPU
		Release|Any CPU = Release|Any CPU
	EndGlobalSection
	GlobalSection(ProjectConfigurationPlatforms) = postSolution
		{1E21A805-9F0D-4169-B50B-A9B28F0A2557}.Debug|Any CPU.ActiveCfg = Debug|Any CPU
		{1E21A805-9F0D-4169-B50B-A9B28F0A2557}.Debug|Any CPU.Build.0 = Debug|Any CPU
		{1E21A805-9F0D-4169-B50B-A9B28F0A2557}.Release|Any CPU.ActiveCfg = Release|Any CPU
		{1E21A805-9F0D-4169-B50B-A9B28F0A2557}.Release|Any CPU.Build.0 = Release|Any CPU
	EndGlobalSection
	GlobalSection(SolutionProperties) = preSolution
		HideSolutionNode = FALSE
	EndGlobalSection
	GlobalSection(ExtensibilityGlobals) = postSolution
		SolutionGuid = {CD22E3C9-175D-4ACA-85B0-2296E56C62E5}
	EndGlobalSection
EndGlobal
